
Microsoft Visual Studio Solution File, Format Version 12.00
# Visual Studio 15
VisualStudioVersion = 15.0.28307.1500
MinimumVisualStudioVersion = 10.0.40219.1
Project("{FAE04EC0-301F-11D3-BF4B-00C04F79EFBC}") = "GameStore.WebUI", "GameStore.WebUI\GameStore.WebUI.csproj", "{BA1695F5-D27E-4304-945A-2A079BF91E92}"
EndProject
Project("{FAE04EC0-301F-11D3-BF4B-00C04F79EFBC}") = "GameStore.UnitTests", "GameStore.UnitTests\GameStore.UnitTests.csproj", "{0B66DA3B-10CF-4E0E-9952-2D5FE7D720D0}"
EndProject
Project("{FAE04EC0-301F-11D3-BF4B-00C04F79EFBC}") = "GameStore.Domain", "GameStore.Domain\GameStore.Domain.csproj", "{34CBFA37-D1A5-4AD9-B2FB-96A93A0A92CF}"
EndProject
Global
	GlobalSection(SolutionConfigurationPlatforms) = preSolution
		Debug|Any CPU = Debug|Any CPU
		Release|Any CPU = Release|Any CPU
	EndGlobalSection
	GlobalSection(ProjectConfigurationPlatforms) = postSolution
		{BA1695F5-D27E-4304-945A-2A079BF91E92}.Debug|Any CPU.ActiveCfg = Debug|Any CPU
		{BA1695F5-D27E-4304-945A-2A079BF91E92}.Debug|Any CPU.Build.0 = Debug|Any CPU
		{BA1695F5-D27E-4304-945A-2A079BF91E92}.Release|Any CPU.ActiveCfg = Release|Any CPU
		{BA1695F5-D27E-4304-945A-2A079BF91E92}.Release|Any CPU.Build.0 = Release|Any CPU
		{0B66DA3B-10CF-4E0E-9952-2D5FE7D720D0}.Debug|Any CPU.ActiveCfg = Debug|Any CPU
		{0B66DA3B-10CF-4E0E-9952-2D5FE7D720D0}.Debug|Any CPU.Build.0 = Debug|Any CPU
		{0B66DA3B-10CF-4E0E-9952-2D5FE7D720D0}.Release|Any CPU.ActiveCfg = Release|Any CPU
		{0B66DA3B-10CF-4E0E-9952-2D5FE7D720D0}.Release|Any CPU.Build.0 = Release|Any CPU
		{34CBFA37-D1A5-4AD9-B2FB-96A93A0A92CF}.Debug|Any CPU.ActiveCfg = Debug|Any CPU
		{34CBFA37-D1A5-4AD9-B2FB-96A93A0A92CF}.Debug|Any CPU.Build.0 = Debug|Any CPU
		{34CBFA37-D1A5-4AD9-B2FB-96A93A0A92CF}.Release|Any CPU.ActiveCfg = Release|Any CPU
		{34CBFA37-D1A5-4AD9-B2FB-96A93A0A92CF}.Release|Any CPU.Build.0 = Release|Any CPU
	EndGlobalSection
	GlobalSection(SolutionProperties) = preSolution
		HideSolutionNode = FALSE
	EndGlobalSection
	GlobalSection(ExtensibilityGlobals) = postSolution
		SolutionGuid = {36789EEE-8CE3-47E8-8A6E-2F722AB76800}
	EndGlobalSection
EndGlobal
